<?xml version="1.0" encoding="UTF-8"?>
<Scheme
   version = "1.3">
   <BuildAction>
      <BuildActionEntries>
         <BuildActionEntry
            buildForRunning = "YES">
            <BuildableReference
               BuildableIdentifier = "primary"
               BlueprintIdentifier = "C9C93C802697B44D0034E1CD"
               BuildableName = "AustinDrinks.app"
               BlueprintName = "AustinDrinks"
               ReferencedContainer = "container:AustinDrinks.xcodeproj">
            </BuildableReference>
         </BuildActionEntry>
      </BuildActionEntries>
   </BuildAction>
   <LaunchAction
      useCustomWorkingDirectory = "NO"
      buildConfiguration = "Debug"
      allowLocationSimulation = "YES">
      <BuildableProductRunnable>
         <BuildableReference
            BuildableIdentifier = "primary"
            BlueprintIdentifier = "C9C93C802697B44D0034E1CD"
            BuildableName = "AustinDrinks.app"
            BlueprintName = "AustinDrinks"
            ReferencedContainer = "container:AustinDrinks.xcodeproj">
         </BuildableReference>
      </BuildableProductRunnable>
   </LaunchAction>
</Scheme>
